
Microsoft Visual Studio Solution File, Format Version 12.00
# Visual Studio Version 17
VisualStudioVersion = 17.5.33414.496
MinimumVisualStudioVersion = 10.0.40219.1
Project("{FAE04EC0-301F-11D3-BF4B-00C04F79EFBC}") = "prelimAct1_Gayo", "prelimAct1_Gayo\prelimAct1_Gayo.csproj", "{C539DC7D-34F7-44FC-96A9-1E0FAF0C0DEA}"
EndProject
Global
	GlobalSection(SolutionConfigurationPlatforms) = preSolution
		Debug|Any CPU = Debug|Any CPU
		Release|Any CPU = Release|Any CPU
	EndGlobalSection
	GlobalSection(ProjectConfigurationPlatforms) = postSolution
		{C539DC7D-34F7-44FC-96A9-1E0FAF0C0DEA}.Debug|Any CPU.ActiveCfg = Debug|Any CPU
		{C539DC7D-34F7-44FC-96A9-1E0FAF0C0DEA}.Debug|Any CPU.Build.0 = Debug|Any CPU
		{C539DC7D-34F7-44FC-96A9-1E0FAF0C0DEA}.Release|Any CPU.ActiveCfg = Release|Any CPU
		{C539DC7D-34F7-44FC-96A9-1E0FAF0C0DEA}.Release|Any CPU.Build.0 = Release|Any CPU
	EndGlobalSection
	GlobalSection(SolutionProperties) = preSolution
		HideSolutionNode = FALSE
	EndGlobalSection
	GlobalSection(ExtensibilityGlobals) = postSolution
		SolutionGuid = {677F717A-458E-4CC5-82BB-AE3D9B7D730D}
	EndGlobalSection
EndGlobal
